
Microsoft Visual Studio Solution File, Format Version 12.00
# Visual Studio Version 16
VisualStudioVersion = 16.0.29920.165
MinimumVisualStudioVersion = 10.0.40219.1
Project("{2150E333-8FDC-42A3-9474-1A3956D46DE8}") = "Cookie+Filter", "Cookie+Filter", "{D7603D7B-61F1-4531-B8D0-453A213B407D}"
EndProject
Project("{9A19103F-16F7-4668-BE54-9A1E7A4F7556}") = "AuthDemo", "AuthDemo\AuthDemo.csproj", "{9904755A-37E5-474B-903C-7B13F1A723B3}"
EndProject
Project("{2150E333-8FDC-42A3-9474-1A3956D46DE8}") = "鉴权+授权源码解析", "鉴权+授权源码解析", "{B2BA3A4A-925E-4A05-9670-583C83EA8C6D}"
EndProject
Project("{9A19103F-16F7-4668-BE54-9A1E7A4F7556}") = "AuthDemo2", "AuthDemo2\AuthDemo2.csproj", "{ACE6CBE1-D095-41E8-9E40-FE4EDBCC26DF}"
EndProject
Project("{9A19103F-16F7-4668-BE54-9A1E7A4F7556}") = "AuthDemo3", "AuthDemo3\AuthDemo3.csproj", "{A3F8D1C7-0408-4232-8871-285835C0233D}"
EndProject
Project("{2150E333-8FDC-42A3-9474-1A3956D46DE8}") = "IDS4", "IDS4", "{930BEE9C-EAF7-4666-A3D4-FFD95241BAB3}"
EndProject
Project("{9A19103F-16F7-4668-BE54-9A1E7A4F7556}") = "AuthenticationCenter", "AuthenticationCenter\AuthenticationCenter.csproj", "{6B75AC29-EBBF-4B2A-B2CB-31868F591D90}"
EndProject
Project("{9A19103F-16F7-4668-BE54-9A1E7A4F7556}") = "IDS4Client", "IDS4Client\IDS4Client.csproj", "{1892AD92-5607-4EEB-9721-039F3026085B}"
EndProject
Project("{FAE04EC0-301F-11D3-BF4B-00C04F79EFBC}") = "IDSConsoleApp", "IDSConsoleApp\IDSConsoleApp.csproj", "{361DCDC6-8DA6-4F60-BD29-55181A889C35}"
EndProject
Global
	GlobalSection(SolutionConfigurationPlatforms) = preSolution
		Debug|Any CPU = Debug|Any CPU
		Release|Any CPU = Release|Any CPU
	EndGlobalSection
	GlobalSection(ProjectConfigurationPlatforms) = postSolution
		{9904755A-37E5-474B-903C-7B13F1A723B3}.Debug|Any CPU.ActiveCfg = Debug|Any CPU
		{9904755A-37E5-474B-903C-7B13F1A723B3}.Debug|Any CPU.Build.0 = Debug|Any CPU
		{9904755A-37E5-474B-903C-7B13F1A723B3}.Release|Any CPU.ActiveCfg = Release|Any CPU
		{9904755A-37E5-474B-903C-7B13F1A723B3}.Release|Any CPU.Build.0 = Release|Any CPU
		{ACE6CBE1-D095-41E8-9E40-FE4EDBCC26DF}.Debug|Any CPU.ActiveCfg = Debug|Any CPU
		{ACE6CBE1-D095-41E8-9E40-FE4EDBCC26DF}.Debug|Any CPU.Build.0 = Debug|Any CPU
		{ACE6CBE1-D095-41E8-9E40-FE4EDBCC26DF}.Release|Any CPU.ActiveCfg = Release|Any CPU
		{ACE6CBE1-D095-41E8-9E40-FE4EDBCC26DF}.Release|Any CPU.Build.0 = Release|Any CPU
		{A3F8D1C7-0408-4232-8871-285835C0233D}.Debug|Any CPU.ActiveCfg = Debug|Any CPU
		{A3F8D1C7-0408-4232-8871-285835C0233D}.Debug|Any CPU.Build.0 = Debug|Any CPU
		{A3F8D1C7-0408-4232-8871-285835C0233D}.Release|Any CPU.ActiveCfg = Release|Any CPU
		{A3F8D1C7-0408-4232-8871-285835C0233D}.Release|Any CPU.Build.0 = Release|Any CPU
		{6B75AC29-EBBF-4B2A-B2CB-31868F591D90}.Debug|Any CPU.ActiveCfg = Debug|Any CPU
		{6B75AC29-EBBF-4B2A-B2CB-31868F591D90}.Debug|Any CPU.Build.0 = Debug|Any CPU
		{6B75AC29-EBBF-4B2A-B2CB-31868F591D90}.Release|Any CPU.ActiveCfg = Release|Any CPU
		{6B75AC29-EBBF-4B2A-B2CB-31868F591D90}.Release|Any CPU.Build.0 = Release|Any CPU
		{1892AD92-5607-4EEB-9721-039F3026085B}.Debug|Any CPU.ActiveCfg = Debug|Any CPU
		{1892AD92-5607-4EEB-9721-039F3026085B}.Debug|Any CPU.Build.0 = Debug|Any CPU
		{1892AD92-5607-4EEB-9721-039F3026085B}.Release|Any CPU.ActiveCfg = Release|Any CPU
		{1892AD92-5607-4EEB-9721-039F3026085B}.Release|Any CPU.Build.0 = Release|Any CPU
		{361DCDC6-8DA6-4F60-BD29-55181A889C35}.Debug|Any CPU.ActiveCfg = Debug|Any CPU
		{361DCDC6-8DA6-4F60-BD29-55181A889C35}.Debug|Any CPU.Build.0 = Debug|Any CPU
		{361DCDC6-8DA6-4F60-BD29-55181A889C35}.Release|Any CPU.ActiveCfg = Release|Any CPU
		{361DCDC6-8DA6-4F60-BD29-55181A889C35}.Release|Any CPU.Build.0 = Release|Any CPU
	EndGlobalSection
	GlobalSection(SolutionProperties) = preSolution
		HideSolutionNode = FALSE
	EndGlobalSection
	GlobalSection(NestedProjects) = preSolution
		{9904755A-37E5-474B-903C-7B13F1A723B3} = {D7603D7B-61F1-4531-B8D0-453A213B407D}
		{ACE6CBE1-D095-41E8-9E40-FE4EDBCC26DF} = {B2BA3A4A-925E-4A05-9670-583C83EA8C6D}
		{A3F8D1C7-0408-4232-8871-285835C0233D} = {B2BA3A4A-925E-4A05-9670-583C83EA8C6D}
		{6B75AC29-EBBF-4B2A-B2CB-31868F591D90} = {930BEE9C-EAF7-4666-A3D4-FFD95241BAB3}
		{1892AD92-5607-4EEB-9721-039F3026085B} = {930BEE9C-EAF7-4666-A3D4-FFD95241BAB3}
		{361DCDC6-8DA6-4F60-BD29-55181A889C35} = {930BEE9C-EAF7-4666-A3D4-FFD95241BAB3}
	EndGlobalSection
	GlobalSection(ExtensibilityGlobals) = postSolution
		SolutionGuid = {A99BECFB-CB94-4BA3-A3E3-7C1E9BD0070F}
	EndGlobalSection
EndGlobal
